
Microsoft Visual Studio Solution File, Format Version 12.00
# Visual Studio Version 16
VisualStudioVersion = 16.0.30011.22
MinimumVisualStudioVersion = 10.0.40219.1
Project("{FAE04EC0-301F-11D3-BF4B-00C04F79EFBC}") = "EntityText", "EntityText\EntityText.csproj", "{72022796-D387-47B9-9460-6AEFF065A900}"
EndProject
Global
	GlobalSection(SolutionConfigurationPlatforms) = preSolution
		Debug|Any CPU = Debug|Any CPU
		Release|Any CPU = Release|Any CPU
	EndGlobalSection
	GlobalSection(ProjectConfigurationPlatforms) = postSolution
		{72022796-D387-47B9-9460-6AEFF065A900}.Debug|Any CPU.ActiveCfg = Debug|Any CPU
		{72022796-D387-47B9-9460-6AEFF065A900}.Debug|Any CPU.Build.0 = Debug|Any CPU
		{72022796-D387-47B9-9460-6AEFF065A900}.Release|Any CPU.ActiveCfg = Release|Any CPU
		{72022796-D387-47B9-9460-6AEFF065A900}.Release|Any CPU.Build.0 = Release|Any CPU
	EndGlobalSection
	GlobalSection(SolutionProperties) = preSolution
		HideSolutionNode = FALSE
	EndGlobalSection
	GlobalSection(ExtensibilityGlobals) = postSolution
		SolutionGuid = {3076CC25-1BA2-4D5F-A698-BA6259398ECD}
	EndGlobalSection
EndGlobal
